
Microsoft Visual Studio Solution File, Format Version 12.00
# Visual Studio Version 16
VisualStudioVersion = 16.0.32106.194
MinimumVisualStudioVersion = 10.0.40219.1
Project("{FAE04EC0-301F-11D3-BF4B-00C04F79EFBC}") = "my-books", "my-books\my-books.csproj", "{791A22B4-2011-4D68-A449-42A460EB8CDA}"
EndProject
Global
	GlobalSection(SolutionConfigurationPlatforms) = preSolution
		Debug|Any CPU = Debug|Any CPU
		Release|Any CPU = Release|Any CPU
	EndGlobalSection
	GlobalSection(ProjectConfigurationPlatforms) = postSolution
		{791A22B4-2011-4D68-A449-42A460EB8CDA}.Debug|Any CPU.ActiveCfg = Debug|Any CPU
		{791A22B4-2011-4D68-A449-42A460EB8CDA}.Debug|Any CPU.Build.0 = Debug|Any CPU
		{791A22B4-2011-4D68-A449-42A460EB8CDA}.Release|Any CPU.ActiveCfg = Release|Any CPU
		{791A22B4-2011-4D68-A449-42A460EB8CDA}.Release|Any CPU.Build.0 = Release|Any CPU
	EndGlobalSection
	GlobalSection(SolutionProperties) = preSolution
		HideSolutionNode = FALSE
	EndGlobalSection
	GlobalSection(ExtensibilityGlobals) = postSolution
		SolutionGuid = {7CA0B079-97AD-425A-8610-F5670EAA2354}
	EndGlobalSection
EndGlobal
